
Microsoft Visual Studio Solution File, Format Version 12.00
# Visual Studio 15
VisualStudioVersion = 15.0.27004.2006
MinimumVisualStudioVersion = 10.0.40219.1
Project("{9A19103F-16F7-4668-BE54-9A1E7A4F7556}") = "Kitsu", "API\Kitsu.csproj", "{920224EE-1781-4F34-A9F6-DD39E3125D99}"
EndProject
Project("{FAE04EC0-301F-11D3-BF4B-00C04F79EFBC}") = "KitsuSeasons", "KitsuSeasons\KitsuSeasons.csproj", "{A7732F9B-DED7-4A7B-BA03-6F6B64BB9A32}"
EndProject
Global
	GlobalSection(SolutionConfigurationPlatforms) = preSolution
		Debug|Any CPU = Debug|Any CPU
		Release|Any CPU = Release|Any CPU
	EndGlobalSection
	GlobalSection(ProjectConfigurationPlatforms) = postSolution
		{920224EE-1781-4F34-A9F6-DD39E3125D99}.Debug|Any CPU.ActiveCfg = Debug|Any CPU
		{920224EE-1781-4F34-A9F6-DD39E3125D99}.Debug|Any CPU.Build.0 = Debug|Any CPU
		{920224EE-1781-4F34-A9F6-DD39E3125D99}.Release|Any CPU.ActiveCfg = Release|Any CPU
		{920224EE-1781-4F34-A9F6-DD39E3125D99}.Release|Any CPU.Build.0 = Release|Any CPU
		{A7732F9B-DED7-4A7B-BA03-6F6B64BB9A32}.Debug|Any CPU.ActiveCfg = Debug|Any CPU
		{A7732F9B-DED7-4A7B-BA03-6F6B64BB9A32}.Debug|Any CPU.Build.0 = Debug|Any CPU
		{A7732F9B-DED7-4A7B-BA03-6F6B64BB9A32}.Release|Any CPU.ActiveCfg = Release|Any CPU
		{A7732F9B-DED7-4A7B-BA03-6F6B64BB9A32}.Release|Any CPU.Build.0 = Release|Any CPU
	EndGlobalSection
	GlobalSection(SolutionProperties) = preSolution
		HideSolutionNode = FALSE
	EndGlobalSection
	GlobalSection(ExtensibilityGlobals) = postSolution
		SolutionGuid = {30742B1A-0CD0-4B31-9D04-077AE4CD9EEA}
	EndGlobalSection
EndGlobal
