
Microsoft Visual Studio Solution File, Format Version 12.00
# Visual Studio 15
VisualStudioVersion = 15.0.27004.2006
MinimumVisualStudioVersion = 10.0.40219.1
Project("{2150E333-8FDC-42A3-9474-1A3956D46DE8}") = "submodules", "submodules", "{77E297A9-8DD8-4C5B-A55E-E2DC07044D2D}"
EndProject
Project("{FAE04EC0-301F-11D3-BF4B-00C04F79EFBC}") = "Kitsu", "submodules\Kitsu\src\Kitsu.csproj", "{EDEF2165-8D09-41B0-A515-5341E9509466}"
EndProject
Project("{FAE04EC0-301F-11D3-BF4B-00C04F79EFBC}") = "ModelViewViewModel", "submodules\Library\src\mvvm\ModelViewViewModel.csproj", "{A164B64E-E4D4-4858-8CFF-B90C22F22FDB}"
EndProject
Project("{FAE04EC0-301F-11D3-BF4B-00C04F79EFBC}") = "KitsuSeasons", "KitsuSeasons\KitsuSeasons.csproj", "{5F35F465-C926-4490-86F4-151C8861F65F}"
EndProject
Global
	GlobalSection(SolutionConfigurationPlatforms) = preSolution
		Debug|Any CPU = Debug|Any CPU
		Release|Any CPU = Release|Any CPU
	EndGlobalSection
	GlobalSection(ProjectConfigurationPlatforms) = postSolution
		{EDEF2165-8D09-41B0-A515-5341E9509466}.Debug|Any CPU.ActiveCfg = Debug|Any CPU
		{EDEF2165-8D09-41B0-A515-5341E9509466}.Debug|Any CPU.Build.0 = Debug|Any CPU
		{EDEF2165-8D09-41B0-A515-5341E9509466}.Release|Any CPU.ActiveCfg = Release|Any CPU
		{EDEF2165-8D09-41B0-A515-5341E9509466}.Release|Any CPU.Build.0 = Release|Any CPU
		{A164B64E-E4D4-4858-8CFF-B90C22F22FDB}.Debug|Any CPU.ActiveCfg = Debug|Any CPU
		{A164B64E-E4D4-4858-8CFF-B90C22F22FDB}.Debug|Any CPU.Build.0 = Debug|Any CPU
		{A164B64E-E4D4-4858-8CFF-B90C22F22FDB}.Release|Any CPU.ActiveCfg = Release|Any CPU
		{A164B64E-E4D4-4858-8CFF-B90C22F22FDB}.Release|Any CPU.Build.0 = Release|Any CPU
		{5F35F465-C926-4490-86F4-151C8861F65F}.Debug|Any CPU.ActiveCfg = Debug|Any CPU
		{5F35F465-C926-4490-86F4-151C8861F65F}.Debug|Any CPU.Build.0 = Debug|Any CPU
		{5F35F465-C926-4490-86F4-151C8861F65F}.Release|Any CPU.ActiveCfg = Release|Any CPU
		{5F35F465-C926-4490-86F4-151C8861F65F}.Release|Any CPU.Build.0 = Release|Any CPU
	EndGlobalSection
	GlobalSection(SolutionProperties) = preSolution
		HideSolutionNode = FALSE
	EndGlobalSection
	GlobalSection(NestedProjects) = preSolution
		{EDEF2165-8D09-41B0-A515-5341E9509466} = {77E297A9-8DD8-4C5B-A55E-E2DC07044D2D}
		{A164B64E-E4D4-4858-8CFF-B90C22F22FDB} = {77E297A9-8DD8-4C5B-A55E-E2DC07044D2D}
	EndGlobalSection
	GlobalSection(ExtensibilityGlobals) = postSolution
		SolutionGuid = {30742B1A-0CD0-4B31-9D04-077AE4CD9EEA}
	EndGlobalSection
EndGlobal
