
Microsoft Visual Studio Solution File, Format Version 12.00
# Visual Studio 15
VisualStudioVersion = 15.0.27004.2006
MinimumVisualStudioVersion = 10.0.40219.1
Project("{FAE04EC0-301F-11D3-BF4B-00C04F79EFBC}") = "KitsuSeasons", "KitsuSeasons\KitsuSeasons.csproj", "{A7732F9B-DED7-4A7B-BA03-6F6B64BB9A32}"
EndProject
Project("{FAE04EC0-301F-11D3-BF4B-00C04F79EFBC}") = "Kitsu", "Kitsu\Kitsu.csproj", "{EDEF2165-8D09-41B0-A515-5341E9509466}"
EndProject
Project("{FAE04EC0-301F-11D3-BF4B-00C04F79EFBC}") = "Design", "Design\Design.csproj", "{5F35F465-C926-4490-86F4-151C8861F65F}"
EndProject
Global
	GlobalSection(SolutionConfigurationPlatforms) = preSolution
		Debug|Any CPU = Debug|Any CPU
		Release|Any CPU = Release|Any CPU
	EndGlobalSection
	GlobalSection(ProjectConfigurationPlatforms) = postSolution
		{A7732F9B-DED7-4A7B-BA03-6F6B64BB9A32}.Debug|Any CPU.ActiveCfg = Debug|Any CPU
		{A7732F9B-DED7-4A7B-BA03-6F6B64BB9A32}.Debug|Any CPU.Build.0 = Debug|Any CPU
		{A7732F9B-DED7-4A7B-BA03-6F6B64BB9A32}.Release|Any CPU.ActiveCfg = Release|Any CPU
		{A7732F9B-DED7-4A7B-BA03-6F6B64BB9A32}.Release|Any CPU.Build.0 = Release|Any CPU
		{EDEF2165-8D09-41B0-A515-5341E9509466}.Debug|Any CPU.ActiveCfg = Debug|Any CPU
		{EDEF2165-8D09-41B0-A515-5341E9509466}.Debug|Any CPU.Build.0 = Debug|Any CPU
		{EDEF2165-8D09-41B0-A515-5341E9509466}.Release|Any CPU.ActiveCfg = Release|Any CPU
		{EDEF2165-8D09-41B0-A515-5341E9509466}.Release|Any CPU.Build.0 = Release|Any CPU
		{5F35F465-C926-4490-86F4-151C8861F65F}.Debug|Any CPU.ActiveCfg = Debug|Any CPU
		{5F35F465-C926-4490-86F4-151C8861F65F}.Debug|Any CPU.Build.0 = Debug|Any CPU
		{5F35F465-C926-4490-86F4-151C8861F65F}.Release|Any CPU.ActiveCfg = Release|Any CPU
		{5F35F465-C926-4490-86F4-151C8861F65F}.Release|Any CPU.Build.0 = Release|Any CPU
	EndGlobalSection
	GlobalSection(SolutionProperties) = preSolution
		HideSolutionNode = FALSE
	EndGlobalSection
	GlobalSection(ExtensibilityGlobals) = postSolution
		SolutionGuid = {30742B1A-0CD0-4B31-9D04-077AE4CD9EEA}
	EndGlobalSection
EndGlobal
